
Microsoft Visual Studio Solution File, Format Version 12.00
# Visual Studio Version 16
VisualStudioVersion = 16.0.29709.97
MinimumVisualStudioVersion = 10.0.40219.1
Project("{FAE04EC0-301F-11D3-BF4B-00C04F79EFBC}") = "Snake", "Snake\Snake.csproj", "{311BCB28-7D95-4C00-8BAE-2DD9086710EC}"
EndProject
Project("{FAE04EC0-301F-11D3-BF4B-00C04F79EFBC}") = "SudokuSolver", "SudokuSolver\SudokuSolver.csproj", "{90B8F39B-74E8-4053-A51B-AF1445D3F020}"
EndProject
Project("{FAE04EC0-301F-11D3-BF4B-00C04F79EFBC}") = "SudokuMaker", "SudokuMaker\SudokuMaker.csproj", "{D4CA579F-B39D-43AB-9971-E908C5E43959}"
EndProject
Global
	GlobalSection(SolutionConfigurationPlatforms) = preSolution
		Debug|Any CPU = Debug|Any CPU
		Release|Any CPU = Release|Any CPU
	EndGlobalSection
	GlobalSection(ProjectConfigurationPlatforms) = postSolution
		{311BCB28-7D95-4C00-8BAE-2DD9086710EC}.Debug|Any CPU.ActiveCfg = Debug|Any CPU
		{311BCB28-7D95-4C00-8BAE-2DD9086710EC}.Debug|Any CPU.Build.0 = Debug|Any CPU
		{311BCB28-7D95-4C00-8BAE-2DD9086710EC}.Release|Any CPU.ActiveCfg = Release|Any CPU
		{311BCB28-7D95-4C00-8BAE-2DD9086710EC}.Release|Any CPU.Build.0 = Release|Any CPU
		{90B8F39B-74E8-4053-A51B-AF1445D3F020}.Debug|Any CPU.ActiveCfg = Debug|Any CPU
		{90B8F39B-74E8-4053-A51B-AF1445D3F020}.Debug|Any CPU.Build.0 = Debug|Any CPU
		{90B8F39B-74E8-4053-A51B-AF1445D3F020}.Release|Any CPU.ActiveCfg = Release|Any CPU
		{90B8F39B-74E8-4053-A51B-AF1445D3F020}.Release|Any CPU.Build.0 = Release|Any CPU
		{D4CA579F-B39D-43AB-9971-E908C5E43959}.Debug|Any CPU.ActiveCfg = Debug|Any CPU
		{D4CA579F-B39D-43AB-9971-E908C5E43959}.Debug|Any CPU.Build.0 = Debug|Any CPU
		{D4CA579F-B39D-43AB-9971-E908C5E43959}.Release|Any CPU.ActiveCfg = Release|Any CPU
		{D4CA579F-B39D-43AB-9971-E908C5E43959}.Release|Any CPU.Build.0 = Release|Any CPU
	EndGlobalSection
	GlobalSection(SolutionProperties) = preSolution
		HideSolutionNode = FALSE
	EndGlobalSection
	GlobalSection(ExtensibilityGlobals) = postSolution
		SolutionGuid = {C54EF207-8995-4B8F-AB57-6F0C9BBC6A45}
	EndGlobalSection
EndGlobal
